// !$*UTF8*$!
{
	archiveVersion = 1;
	classes = {
	};
	objectVersion = 46;
	objects = {

/* Begin PBXBuildFile section */
		DB4CA3981BA0DB2C0002116E /* AppDelegate.swift in Sources */ = {isa = PBXBuildFile; fileRef = DB4CA3971BA0DB2C0002116E /* AppDelegate.swift */; };
		DB4CA39A1BA0DB2C0002116E /* ViewController.swift in Sources */ = {isa = PBXBuildFile; fileRef = DB4CA3991BA0DB2C0002116E /* ViewController.swift */; };
		DB4CA39D1BA0DB2C0002116E /* Main.storyboard in Resources */ = {isa = PBXBuildFile; fileRef = DB4CA39B1BA0DB2C0002116E /* Main.storyboard */; };
		DB4CA39F1BA0DB2C0002116E /* Assets.xcassets in Resources */ = {isa = PBXBuildFile; fileRef = DB4CA39E1BA0DB2C0002116E /* Assets.xcassets */; };
		DB4CA3A21BA0DB2C0002116E /* LaunchScreen.storyboard in Resources */ = {isa = PBXBuildFile; fileRef = DB4CA3A01BA0DB2C0002116E /* LaunchScreen.storyboard */; };
/* End PBXBuildFile section */

/* Begin PBXFileReference section */
		DB4CA3941BA0DB2C0002116E /* tips.app */ = {isa = PBXFileReference; explicitFileType = wrapper.application; includeInIndex = 0; path = tips.app; sourceTree = BUILT_PRODUCTS_DIR; };
		DB4CA3971BA0DB2C0002116E /* AppDelegate.swift */ = {isa = PBXFileReference; lastKnownFileType = sourcecode.swift; path = AppDelegate.swift; sourceTree = "<group>"; };
		DB4CA3991BA0DB2C0002116E /* ViewController.swift */ = {isa = PBXFileReference; lastKnownFileType = sourcecode.swift; path = ViewController.swift; sourceTree = "<group>"; };
		DB4CA39C1BA0DB2C0002116E /* Base */ = {isa = PBXFileReference; lastKnownFileType = file.storyboard; name = Base; path = Base.lproj/Main.storyboard; sourceTree = "<group>"; };
		DB4CA39E1BA0DB2C0002116E /* Assets.xcassets */ = {isa = PBXFileReference; lastKnownFileType = folder.assetcatalog; path = Assets.xcassets; sourceTree = "<group>"; };
		DB4CA3A11BA0DB2C0002116E /* Base */ = {isa = PBXFileReference; lastKnownFileType = file.storyboard; name = Base; path = Base.lproj/LaunchScreen.storyboard; sourceTree = "<group>"; };
		DB4CA3A31BA0DB2C0002116E /* Info.plist */ = {isa = PBXFileReference; lastKnownFileType = text.plist.xml; path = Info.plist; sourceTree = "<group>"; };
/* End PBXFileReference section */

/* Begin PBXFrameworksBuildPhase section */
		DB4CA3911BA0DB2C0002116E /* Frameworks */ = {
			isa = PBXFrameworksBuildPhase;
			buildActionMask = 2147483647;
			files = (
			);
			runOnlyForDeploymentPostprocessing = 0;
		};
/* End PBXFrameworksBuildPhase section */

/* Begin PBXGroup section */
		DB4CA38B1BA0DB2C0002116E = {
			isa = PBXGroup;
			children = (
				DB4CA3961BA0DB2C0002116E /* tips */,
				DB4CA3951BA0DB2C0002116E /* Products */,
			);
			sourceTree = "<group>";
		};
		DB4CA3951BA0DB2C0002116E /* Products */ = {
			isa = PBXGroup;
			children = (
				DB4CA3941BA0DB2C0002116E /* tips.app */,
			);
			name = Products;
			sourceTree = "<group>";
		};
		DB4CA3961BA0DB2C0002116E /* tips */ = {
			isa = PBXGroup;
			children = (
				DB4CA3971BA0DB2C0002116E /* AppDelegate.swift */,
				DB4CA3991BA0DB2C0002116E /* ViewController.swift */,
				DB4CA39B1BA0DB2C0002116E /* Main.storyboard */,
				DB4CA39E1BA0DB2C0002116E /* Assets.xcassets */,
				DB4CA3A01BA0DB2C0002116E /* LaunchScreen.storyboard */,
				DB4CA3A31BA0DB2C0002116E /* Info.plist */,
			);
			path = tips;
			sourceTree = "<group>";
		};
/* End PBXGroup section */

/* Begin PBXNativeTarget section */
		DB4CA3931BA0DB2C0002116E /* tips */ = {
			isa = PBXNativeTarget;
			buildConfigurationList = DB4CA3A61BA0DB2C0002116E /* Build configuration list for PBXNativeTarget "tips" */;
			buildPhases = (
				DB4CA3901BA0DB2C0002116E /* Sources */,
				DB4CA3911BA0DB2C0002116E /* Frameworks */,
				DB4CA3921BA0DB2C0002116E /* Resources */,
			);
			buildRules = (
			);
			dependencies = (
			);
			name = tips;
			productName = tips;
			productReference = DB4CA3941BA0DB2C0002116E /* tips.app */;
			productType = "com.apple.product-type.application";
		};
/* End PBXNativeTarget section */

/* Begin PBXProject section */
		DB4CA38C1BA0DB2C0002116E /* Project object */ = {
			isa = PBXProject;
			attributes = {
				LastUpgradeCheck = 0710;
				ORGANIZATIONNAME = codepath;
				TargetAttributes = {
					DB4CA3931BA0DB2C0002116E = {
						CreatedOnToolsVersion = 7.1;
					};
				};
			};
			buildConfigurationList = DB4CA38F1BA0DB2C0002116E /* Build configuration list for PBXProject "tips" */;
			compatibilityVersion = "Xcode 3.2";
			developmentRegion = English;
			hasScannedForEncodings = 0;
			knownRegions = (
				en,
				Base,
			);
			mainGroup = DB4CA38B1BA0DB2C0002116E;
			productRefGroup = DB4CA3951BA0DB2C0002116E /* Products */;
			projectDirPath = "";
			projectRoot = "";
			targets = (
				DB4CA3931BA0DB2C0002116E /* tips */,
			);
		};
/* End PBXProject section */

/* Begin PBXResourcesBuildPhase section */
		DB4CA3921BA0DB2C0002116E /* Resources */ = {
			isa = PBXResourcesBuildPhase;
			buildActionMask = 2147483647;
			files = (
				DB4CA3A21BA0DB2C0002116E /* LaunchScreen.storyboard in Resources */,
				DB4CA39F1BA0DB2C0002116E /* Assets.xcassets in Resources */,
				DB4CA39D1BA0DB2C0002116E /* Main.storyboard in Resources */,
			);
			runOnlyForDeploymentPostprocessing = 0;
		};
/* End PBXResourcesBuildPhase section */

/* Begin PBXSourcesBuildPhase section */
		DB4CA3901BA0DB2C0002116E /* Sources */ = {
			isa = PBXSourcesBuildPhase;
			buildActionMask = 2147483647;
			files = (
				DB4CA39A1BA0DB2C0002116E /* ViewController.swift in Sources */,
				DB4CA3981BA0DB2C0002116E /* AppDelegate.swift in Sources */,
			);
			runOnlyForDeploymentPostprocessing = 0;
		};
/* End PBXSourcesBuildPhase section */

/* Begin PBXVariantGroup section */
		DB4CA39B1BA0DB2C0002116E /* Main.storyboard */ = {
			isa = PBXVariantGroup;
			children = (
				DB4CA39C1BA0DB2C0002116E /* Base */,
			);
			name = Main.storyboard;
			sourceTree = "<group>";
		};
		DB4CA3A01BA0DB2C0002116E /* LaunchScreen.storyboard */ = {
			isa = PBXVariantGroup;
			children = (
				DB4CA3A11BA0DB2C0002116E /* Base */,
			);
			name = LaunchScreen.storyboard;
			sourceTree = "<group>";
		};
/* End PBXVariantGroup section */

/* Begin XCBuildConfiguration section */
		DB4CA3A41BA0DB2C0002116E /* Debug */ = {
			isa = XCBuildConfiguration;
			buildSettings = {
				ALWAYS_SEARCH_USER_PATHS = NO;
				CLANG_CXX_LANGUAGE_STANDARD = "gnu++0x";
				CLANG_CXX_LIBRARY = "libc++";
				CLANG_ENABLE_MODULES = YES;
				CLANG_ENABLE_OBJC_ARC = YES;
				CLANG_WARN_BOOL_CONVERSION = YES;
				CLANG_WARN_CONSTANT_CONVERSION = YES;
				CLANG_WARN_DIRECT_OBJC_ISA_USAGE = YES_ERROR;
				CLANG_WARN_EMPTY_BODY = YES;
				CLANG_WARN_ENUM_CONVERSION = YES;
				CLANG_WARN_INT_CONVERSION = YES;
				CLANG_WARN_OBJC_ROOT_CLASS = YES_ERROR;
				CLANG_WARN_UNREACHABLE_CODE = YES;
				CLANG_WARN__DUPLICATE_METHOD_MATCH = YES;
				"CODE_SIGN_IDENTITY[sdk=iphoneos*]" = "iPhone Developer";
				COPY_PHASE_STRIP = NO;
				DEBUG_INFORMATION_FORMAT = dwarf;
				ENABLE_STRICT_OBJC_MSGSEND = YES;
				ENABLE_TESTABILITY = YES;
				GCC_C_LANGUAGE_STANDARD = gnu99;
				GCC_DYNAMIC_NO_PIC = NO;
				GCC_NO_COMMON_BLOCKS = YES;
				GCC_OPTIMIZATION_LEVEL = 0;
				GCC_PREPROCESSOR_DEFINITIONS = (
					"DEBUG=1",
					"$(inherited)",
				);
				GCC_WARN_64_TO_32_BIT_CONVERSION = YES;
				GCC_WARN_ABOUT_RETURN_TYPE = YES_ERROR;
				GCC_WARN_UNDECLARED_SELECTOR = YES;
				GCC_WARN_UNINITIALIZED_AUTOS = YES_AGGRESSIVE;
				GCC_WARN_UNUSED_FUNCTION = YES;
				GCC_WARN_UNUSED_VARIABLE = YES;
				IPHONEOS_DEPLOYMENT_TARGET = 9.1;
				MTL_ENABLE_DEBUG_INFO = YES;
				ONLY_ACTIVE_ARCH = YES;
				SDKROOT = iphoneos;
				SWIFT_OPTIMIZATION_LEVEL = "-Onone";
			};
			name = Debug;
		};
		DB4CA3A51BA0DB2C0002116E /* Release */ = {
			isa = XCBuildConfiguration;
			buildSettings = {
				ALWAYS_SEARCH_USER_PATHS = NO;
				CLANG_CXX_LANGUAGE_STANDARD = "gnu++0x";
				CLANG_CXX_LIBRARY = "libc++";
				CLANG_ENABLE_MODULES = YES;
				CLANG_ENABLE_OBJC_ARC = YES;
				CLANG_WARN_BOOL_CONVERSION = YES;
				CLANG_WARN_CONSTANT_CONVERSION = YES;
				CLANG_WARN_DIRECT_OBJC_ISA_USAGE = YES_ERROR;
				CLANG_WARN_EMPTY_BODY = YES;
				CLANG_WARN_ENUM_CONVERSION = YES;
				CLANG_WARN_INT_CONVERSION = YES;
				CLANG_WARN_OBJC_ROOT_CLASS = YES_ERROR;
				CLANG_WARN_UNREACHABLE_CODE = YES;
				CLANG_WARN__DUPLICATE_METHOD_MATCH = YES;
				"CODE_SIGN_IDENTITY[sdk=iphoneos*]" = "iPhone Developer";
				COPY_PHASE_STRIP = NO;
				DEBUG_INFORMATION_FORMAT = "dwarf-with-dsym";
				ENABLE_NS_ASSERTIONS = NO;
				ENABLE_STRICT_OBJC_MSGSEND = YES;
				GCC_C_LANGUAGE_STANDARD = gnu99;
				GCC_NO_COMMON_BLOCKS = YES;
				GCC_WARN_64_TO_32_BIT_CONVERSION = YES;
				GCC_WARN_ABOUT_RETURN_TYPE = YES_ERROR;
				GCC_WARN_UNDECLARED_SELECTOR = YES;
				GCC_WARN_UNINITIALIZED_AUTOS = YES_AGGRESSIVE;
				GCC_WARN_UNUSED_FUNCTION = YES;
				GCC_WARN_UNUSED_VARIABLE = YES;
				IPHONEOS_DEPLOYMENT_TARGET = 9.1;
				MTL_ENABLE_DEBUG_INFO = NO;
				SDKROOT = iphoneos;
				VALIDATE_PRODUCT = YES;
			};
			name = Release;
		};
		DB4CA3A71BA0DB2C0002116E /* Debug */ = {
			isa = XCBuildConfiguration;
			buildSettings = {
				ASSETCATALOG_COMPILER_APPICON_NAME = AppIcon;
				INFOPLIST_FILE = tips/Info.plist;
				LD_RUNPATH_SEARCH_PATHS = "$(inherited) @executable_path/Frameworks";
				PRODUCT_BUNDLE_IDENTIFIER = com.codepath.tips;
				PRODUCT_NAME = "$(TARGET_NAME)";
			};
			name = Debug;
		};
		DB4CA3A81BA0DB2C0002116E /* Release */ = {
			isa = XCBuildConfiguration;
			buildSettings = {
				ASSETCATALOG_COMPILER_APPICON_NAME = AppIcon;
				INFOPLIST_FILE = tips/Info.plist;
				LD_RUNPATH_SEARCH_PATHS = "$(inherited) @executable_path/Frameworks";
				PRODUCT_BUNDLE_IDENTIFIER = com.codepath.tips;
				PRODUCT_NAME = "$(TARGET_NAME)";
			};
			name = Release;
		};
/* End XCBuildConfiguration section */

/* Begin XCConfigurationList section */
		DB4CA38F1BA0DB2C0002116E /* Build configuration list for PBXProject "tips" */ = {
			isa = XCConfigurationList;
			buildConfigurations = (
				DB4CA3A41BA0DB2C0002116E /* Debug */,
				DB4CA3A51BA0DB2C0002116E /* Release */,
			);
			defaultConfigurationIsVisible = 0;
			defaultConfigurationName = Release;
		};
		DB4CA3A61BA0DB2C0002116E /* Build configuration list for PBXNativeTarget "tips" */ = {
			isa = XCConfigurationList;
			buildConfigurations = (
				DB4CA3A71BA0DB2C0002116E /* Debug */,
				DB4CA3A81BA0DB2C0002116E /* Release */,
			);
			defaultConfigurationIsVisible = 0;
		};
/* End XCConfigurationList section */
	};
	rootObject = DB4CA38C1BA0DB2C0002116E /* Project object */;
}
